dependencies:
- name: mysql
  repository: https://charts.bitnami.com/bitnami
  version: 9.19.1
- name: postgresql
  repository: https://charts.bitnami.com/bitnami
  version: 15.5.21
- name: redis
  repository: https://charts.bitnami.com/bitnami
  version: 19.6.4
- name: rabbitmq
  repository: https://charts.bitnami.com/bitnami
  version: 14.4.3
- name: dynamodb-local
  repository: file://./charts/dynamodb-local
  version: 0.1.0
digest: sha256:1195c0dc271b3eda3e70f83d6c05e4c173e2f76c6f75136082932072451228a7
generated: "2026-02-15T12:54:45.42086719+01:00"
